Microsoft Visual Studio Solution File, Format Version 12.00
# Visual Studio Version 17
VisualStudioVersion = 17.5.2.0
MinimumVisualStudioVersion = 10.0.40219.1
Project("{FAE04EC0-301F-11D3-BF4B-00C04F79EFBC}") = "SemanticKernel.PostgresVectorStore.FilterTests", "SemanticKernel.PostgresVectorStore.FilterTests.csproj", "{15217B7F-492A-6BEF-0E7D-37202A81DFB7}"
EndProject
Global
	GlobalSection(SolutionConfigurationPlatforms) = preSolution
		Debug|Any CPU = Debug|Any CPU
		Release|Any CPU = Release|Any CPU
	EndGlobalSection
	GlobalSection(ProjectConfigurationPlatforms) = postSolution
		{15217B7F-492A-6BEF-0E7D-37202A81DFB7}.Debug|Any CPU.ActiveCfg = Debug|Any CPU
		{15217B7F-492A-6BEF-0E7D-37202A81DFB7}.Debug|Any CPU.Build.0 = Debug|Any CPU
		{15217B7F-492A-6BEF-0E7D-37202A81DFB7}.Release|Any CPU.ActiveCfg = Release|Any CPU
		{15217B7F-492A-6BEF-0E7D-37202A81DFB7}.Release|Any CPU.Build.0 = Release|Any CPU
	EndGlobalSection
	GlobalSection(SolutionProperties) = preSolution
		HideSolutionNode = FALSE
	EndGlobalSection
	GlobalSection(ExtensibilityGlobals) = postSolution
		SolutionGuid = {38E1F24D-7FEA-43B9-82E0-BF87DA1AF6DC}
	EndGlobalSection
EndGlobal
